<?xml version="1.0" encoding="utf-8"?>
<Project ToolsVersion="4.0" xmlns="http://schemas.microsoft.com/developer/msbuild/2003">
  <ItemGroup>
    <Filter Include="Source Files">
      <UniqueIdentifier>{4FC737F1-C7A5-4376-A066-2A32D752A2FF}</UniqueIdentifier>
      <Extensions>cpp;c;cc;cxx;c++;cppm;ixx;def;odl;idl;hpj;bat;asm;asmx</Extensions>
    </Filter>
    <Filter Include="Header Files">
      <UniqueIdentifier>{93995380-89BD-4b04-88EB-625FBE52EBFB}</UniqueIdentifier>
      <Extensions>h;hh;hpp;hxx;h++;hm;inl;inc;ipp;xsd</Extensions>
    </Filter>
    <Filter Include="Resource Files">
      <UniqueIdentifier>{67DA6AB6-F800-4c08-8B7A-83BB121AAD01}</UniqueIdentifier>
      <Extensions>rc;ico;cur;bmp;dlg;rc2;rct;bin;rgs;gif;jpg;jpeg;jpe;resx;tiff;tif;png;wav;mfcribbon-ms</Extensions>
    </Filter>
    <Filter Include="Source Files\win">
      <UniqueIdentifier>{631bbe5d-6526-4b7a-bfec-0c65d1663ad6}</UniqueIdentifier>
    </Filter>
    <Filter Include="Source Files\OpenGL">
      <UniqueIdentifier>{512feab5-171a-48ed-b3fe-c1e378e88907}</UniqueIdentifier>
    </Filter>
    <Filter Include="Source Files\math">
      <UniqueIdentifier>{86826abd-e189-44c0-b704-4f1fb9c9aa86}</UniqueIdentifier>
    </Filter>
    <Filter Include="Resource Files\default">
      <UniqueIdentifier>{a2fdf6aa-6a8e-419f-af77-4f2407cbfa32}</UniqueIdentifier>
    </Filter>
    <Filter Include="Resource Files\blit framebuffer">
      <UniqueIdentifier>{4210041b-4cd3-477e-b28e-91465fb27e6d}</UniqueIdentifier>
    </Filter>
    <Filter Include="Source Files\OpenGL\shader">
      <UniqueIdentifier>{00e73474-489c-40f6-a3c1-32ec2e9e8eb2}</UniqueIdentifier>
    </Filter>
  </ItemGroup>
  <ItemGroup>
    <ClCompile Include="src\main.cpp">
      <Filter>Source Files</Filter>
    </ClCompile>
    <ClCompile Include="src\win\win.cpp">
      <Filter>Source Files\win</Filter>
    </ClCompile>
    <ClCompile Include="src\OpenGL\OpenGL.cpp">
      <Filter>Source Files\OpenGL</Filter>
    </ClCompile>
    <ClCompile Include="src\math\vec.cpp">
      <Filter>Source Files\math</Filter>
    </ClCompile>
    <ClCompile Include="src\math\matrix.cpp">
      <Filter>Source Files\math</Filter>
    </ClCompile>
    <ClCompile Include="src\OpenGL\DrawHelper.cpp">
      <Filter>Source Files\OpenGL</Filter>
    </ClCompile>
    <ClCompile Include="src\OpenGL\shader\shader.cpp">
      <Filter>Source Files\OpenGL\shader</Filter>
    </ClCompile>
  </ItemGroup>
  <ItemGroup>
    <ClInclude Include="src\win\win.h">
      <Filter>Source Files\win</Filter>
    </ClInclude>
    <ClInclude Include="src\OpenGL\OpenGL.h">
      <Filter>Source Files\OpenGL</Filter>
    </ClInclude>
    <ClInclude Include="src\math\vec.h">
      <Filter>Source Files\math</Filter>
    </ClInclude>
    <ClInclude Include="src\math\matrix.h">
      <Filter>Source Files\math</Filter>
    </ClInclude>
    <ClInclude Include="src\OpenGL\DrawHelper.h">
      <Filter>Source Files\OpenGL</Filter>
    </ClInclude>
    <ClInclude Include="src\OpenGL\shader\shader.h">
      <Filter>Source Files\OpenGL\shader</Filter>
    </ClInclude>
  </ItemGroup>
  <ItemGroup>
    <None Include="res\shaders\default\fs.glsl">
      <Filter>Resource Files\default</Filter>
    </None>
    <None Include="res\shaders\default\vs.glsl">
      <Filter>Resource Files\default</Filter>
    </None>
    <None Include="res\shaders\blit_framebuffer\fs.glsl">
      <Filter>Resource Files\blit framebuffer</Filter>
    </None>
    <None Include="res\shaders\blit_framebuffer\vs.glsl">
      <Filter>Resource Files\blit framebuffer</Filter>
    </None>
  </ItemGroup>
</Project>